
Microsoft Visual Studio Solution File, Format Version 11.00
# Visual Studio 2010
Project("{FAE04EC0-301F-11D3-BF4B-00C04F79EFBC}") = "Tzhtec.Controls", "Tzhtec.Controls\Tzhtec.Controls.csproj", "{3C96039D-070A-45A9-8E95-483F156844FD}"
EndProject
Global
	GlobalSection(SolutionConfigurationPlatforms) = preSolution
		Debug|Any CPU = Debug|Any CPU
		Release|Any CPU = Release|Any CPU
	EndGlobalSection
	GlobalSection(ProjectConfigurationPlatforms) = postSolution
		{3C96039D-070A-45A9-8E95-483F156844FD}.Debug|Any CPU.ActiveCfg = Debug|Any CPU
		{3C96039D-070A-45A9-8E95-483F156844FD}.Debug|Any CPU.Build.0 = Debug|Any CPU
		{3C96039D-070A-45A9-8E95-483F156844FD}.Release|Any CPU.ActiveCfg = Release|Any CPU
		{3C96039D-070A-45A9-8E95-483F156844FD}.Release|Any CPU.Build.0 = Release|Any CPU
	EndGlobalSection
	GlobalSection(SolutionProperties) = preSolution
		HideSolutionNode = FALSE
	EndGlobalSection
EndGlobal
